
Microsoft Visual Studio Solution File, Format Version 12.00
# Visual Studio Version 16
VisualStudioVersion = 16.0.31205.134
MinimumVisualStudioVersion = 10.0.40219.1
Project("{9A19103F-16F7-4668-BE54-9A1E7A4F7556}") = "VarietyPack", "VarietyPack.csproj", "{BB20032D-964F-425D-B73D-6D0765082708}"
EndProject
Global
	GlobalSection(SolutionConfigurationPlatforms) = preSolution
		Debug|Any CPU = Debug|Any CPU
		Debug|x64 = Debug|x64
		Release|Any CPU = Release|Any CPU
		Release|x64 = Release|x64
	EndGlobalSection
	GlobalSection(ProjectConfigurationPlatforms) = postSolution
		{BB20032D-964F-425D-B73D-6D0765082708}.Debug|Any CPU.ActiveCfg = Debug|Any CPU
		{BB20032D-964F-425D-B73D-6D0765082708}.Debug|Any CPU.Build.0 = Debug|Any CPU
		{BB20032D-964F-425D-B73D-6D0765082708}.Debug|x64.ActiveCfg = Debug|x64
		{BB20032D-964F-425D-B73D-6D0765082708}.Debug|x64.Build.0 = Debug|x64
		{BB20032D-964F-425D-B73D-6D0765082708}.Release|Any CPU.ActiveCfg = Release|Any CPU
		{BB20032D-964F-425D-B73D-6D0765082708}.Release|Any CPU.Build.0 = Release|Any CPU
		{BB20032D-964F-425D-B73D-6D0765082708}.Release|x64.ActiveCfg = Release|x64
		{BB20032D-964F-425D-B73D-6D0765082708}.Release|x64.Build.0 = Release|x64
	EndGlobalSection
	GlobalSection(SolutionProperties) = preSolution
		HideSolutionNode = FALSE
	EndGlobalSection
	GlobalSection(ExtensibilityGlobals) = postSolution
		SolutionGuid = {16B11EDD-7EF5-4ACA-8C89-C07BEC8E3675}
	EndGlobalSection
EndGlobal
